
Microsoft Visual Studio Solution File, Format Version 12.00
# Visual Studio Version 17
VisualStudioVersion = 17.4.33103.184
MinimumVisualStudioVersion = 10.0.40219.1
Project("{8BC9CEB8-8B4A-11D0-8D11-00A0C91BC942}") = "HomeWork", "HomeWork\HomeWork.vcxproj", "{2BAB38E5-D734-45FE-A14A-8D409156ED04}"
EndProject
Project("{8BC9CEB8-8B4A-11D0-8D11-00A0C91BC942}") = "HomeWork_0518", "HomeWork_0518\HomeWork_0518.vcxproj", "{AEF4C8AE-ACEA-442E-80F2-0135DF2BF683}"
EndProject
Project("{2150E333-8FDC-42A3-9474-1A3956D46DE8}") = "솔루션 항목", "솔루션 항목", "{E0255BB9-B463-47E8-876D-8B26B9E6A212}"
	ProjectSection(SolutionItems) = preProject
		Inline.txt = Inline.txt
	EndProjectSection
EndProject
Project("{8BC9CEB8-8B4A-11D0-8D11-00A0C91BC942}") = "HomeWork_0519", "HomeWork_0519\HomeWork_0519.vcxproj", "{BF74805E-FB22-42FE-B6EE-EF4EEC4DCF46}"
EndProject
Project("{8BC9CEB8-8B4A-11D0-8D11-00A0C91BC942}") = "HomeWork_0522", "HomeWork_0522\HomeWork_0522.vcxproj", "{EC9B06C3-23B3-4CED-912F-2996305D968B}"
EndProject
Project("{8BC9CEB8-8B4A-11D0-8D11-00A0C91BC942}") = "HomeWork_0523", "HomeWork_0523\HomeWork_0523.vcxproj", "{7DC03488-EB52-4549-8CD5-109C8698171F}"
EndProject
Project("{8BC9CEB8-8B4A-11D0-8D11-00A0C91BC942}") = "HomeWork_0524", "HomeWork_0524\HomeWork_0524.vcxproj", "{38823053-68D8-4929-B5B2-DC346EC12518}"
EndProject
Project("{8BC9CEB8-8B4A-11D0-8D11-00A0C91BC942}") = "HomeWork_0526", "HomeWork_0526\HomeWork_0526.vcxproj", "{C42C2472-4FC3-4C38-A2CE-EF7F50FB642B}"
EndProject
Project("{8BC9CEB8-8B4A-11D0-8D11-00A0C91BC942}") = "HomeWork_0531", "HomeWork_0531\HomeWork_0531.vcxproj", "{8A00CCFD-A1E4-4AA5-9CC7-08C8B781822E}"
EndProject
Project("{8BC9CEB8-8B4A-11D0-8D11-00A0C91BC942}") = "HomeWork_0601", "HomeWork_0601\HomeWork_0601.vcxproj", "{64C4693C-9C81-4689-A435-1600D1E9E57D}"
EndProject
Global
	GlobalSection(SolutionConfigurationPlatforms) = preSolution
		Debug|x64 = Debug|x64
		Debug|x86 = Debug|x86
		Release|x64 = Release|x64
		Release|x86 = Release|x86
	EndGlobalSection
	GlobalSection(ProjectConfigurationPlatforms) = postSolution
		{2BAB38E5-D734-45FE-A14A-8D409156ED04}.Debug|x64.ActiveCfg = Debug|x64
		{2BAB38E5-D734-45FE-A14A-8D409156ED04}.Debug|x64.Build.0 = Debug|x64
		{2BAB38E5-D734-45FE-A14A-8D409156ED04}.Debug|x86.ActiveCfg = Debug|Win32
		{2BAB38E5-D734-45FE-A14A-8D409156ED04}.Debug|x86.Build.0 = Debug|Win32
		{2BAB38E5-D734-45FE-A14A-8D409156ED04}.Release|x64.ActiveCfg = Release|x64
		{2BAB38E5-D734-45FE-A14A-8D409156ED04}.Release|x64.Build.0 = Release|x64
		{2BAB38E5-D734-45FE-A14A-8D409156ED04}.Release|x86.ActiveCfg = Release|Win32
		{2BAB38E5-D734-45FE-A14A-8D409156ED04}.Release|x86.Build.0 = Release|Win32
		{AEF4C8AE-ACEA-442E-80F2-0135DF2BF683}.Debug|x64.ActiveCfg = Debug|x64
		{AEF4C8AE-ACEA-442E-80F2-0135DF2BF683}.Debug|x64.Build.0 = Debug|x64
		{AEF4C8AE-ACEA-442E-80F2-0135DF2BF683}.Debug|x86.ActiveCfg = Debug|Win32
		{AEF4C8AE-ACEA-442E-80F2-0135DF2BF683}.Debug|x86.Build.0 = Debug|Win32
		{AEF4C8AE-ACEA-442E-80F2-0135DF2BF683}.Release|x64.ActiveCfg = Release|x64
		{AEF4C8AE-ACEA-442E-80F2-0135DF2BF683}.Release|x64.Build.0 = Release|x64
		{AEF4C8AE-ACEA-442E-80F2-0135DF2BF683}.Release|x86.ActiveCfg = Release|Win32
		{AEF4C8AE-ACEA-442E-80F2-0135DF2BF683}.Release|x86.Build.0 = Release|Win32
		{BF74805E-FB22-42FE-B6EE-EF4EEC4DCF46}.Debug|x64.ActiveCfg = Debug|x64
		{BF74805E-FB22-42FE-B6EE-EF4EEC4DCF46}.Debug|x64.Build.0 = Debug|x64
		{BF74805E-FB22-42FE-B6EE-EF4EEC4DCF46}.Debug|x86.ActiveCfg = Debug|Win32
		{BF74805E-FB22-42FE-B6EE-EF4EEC4DCF46}.Debug|x86.Build.0 = Debug|Win32
		{BF74805E-FB22-42FE-B6EE-EF4EEC4DCF46}.Release|x64.ActiveCfg = Release|x64
		{BF74805E-FB22-42FE-B6EE-EF4EEC4DCF46}.Release|x64.Build.0 = Release|x64
		{BF74805E-FB22-42FE-B6EE-EF4EEC4DCF46}.Release|x86.ActiveCfg = Release|Win32
		{BF74805E-FB22-42FE-B6EE-EF4EEC4DCF46}.Release|x86.Build.0 = Release|Win32
		{EC9B06C3-23B3-4CED-912F-2996305D968B}.Debug|x64.ActiveCfg = Debug|x64
		{EC9B06C3-23B3-4CED-912F-2996305D968B}.Debug|x64.Build.0 = Debug|x64
		{EC9B06C3-23B3-4CED-912F-2996305D968B}.Debug|x86.ActiveCfg = Debug|Win32
		{EC9B06C3-23B3-4CED-912F-2996305D968B}.Debug|x86.Build.0 = Debug|Win32
		{EC9B06C3-23B3-4CED-912F-2996305D968B}.Release|x64.ActiveCfg = Release|x64
		{EC9B06C3-23B3-4CED-912F-2996305D968B}.Release|x64.Build.0 = Release|x64
		{EC9B06C3-23B3-4CED-912F-2996305D968B}.Release|x86.ActiveCfg = Release|Win32
		{EC9B06C3-23B3-4CED-912F-2996305D968B}.Release|x86.Build.0 = Release|Win32
		{7DC03488-EB52-4549-8CD5-109C8698171F}.Debug|x64.ActiveCfg = Debug|x64
		{7DC03488-EB52-4549-8CD5-109C8698171F}.Debug|x64.Build.0 = Debug|x64
		{7DC03488-EB52-4549-8CD5-109C8698171F}.Debug|x86.ActiveCfg = Debug|Win32
		{7DC03488-EB52-4549-8CD5-109C8698171F}.Debug|x86.Build.0 = Debug|Win32
		{7DC03488-EB52-4549-8CD5-109C8698171F}.Release|x64.ActiveCfg = Release|x64
		{7DC03488-EB52-4549-8CD5-109C8698171F}.Release|x64.Build.0 = Release|x64
		{7DC03488-EB52-4549-8CD5-109C8698171F}.Release|x86.ActiveCfg = Release|Win32
		{7DC03488-EB52-4549-8CD5-109C8698171F}.Release|x86.Build.0 = Release|Win32
		{38823053-68D8-4929-B5B2-DC346EC12518}.Debug|x64.ActiveCfg = Debug|x64
		{38823053-68D8-4929-B5B2-DC346EC12518}.Debug|x64.Build.0 = Debug|x64
		{38823053-68D8-4929-B5B2-DC346EC12518}.Debug|x86.ActiveCfg = Debug|Win32
		{38823053-68D8-4929-B5B2-DC346EC12518}.Debug|x86.Build.0 = Debug|Win32
		{38823053-68D8-4929-B5B2-DC346EC12518}.Release|x64.ActiveCfg = Release|x64
		{38823053-68D8-4929-B5B2-DC346EC12518}.Release|x64.Build.0 = Release|x64
		{38823053-68D8-4929-B5B2-DC346EC12518}.Release|x86.ActiveCfg = Release|Win32
		{38823053-68D8-4929-B5B2-DC346EC12518}.Release|x86.Build.0 = Release|Win32
		{C42C2472-4FC3-4C38-A2CE-EF7F50FB642B}.Debug|x64.ActiveCfg = Debug|x64
		{C42C2472-4FC3-4C38-A2CE-EF7F50FB642B}.Debug|x64.Build.0 = Debug|x64
		{C42C2472-4FC3-4C38-A2CE-EF7F50FB642B}.Debug|x86.ActiveCfg = Debug|Win32
		{C42C2472-4FC3-4C38-A2CE-EF7F50FB642B}.Debug|x86.Build.0 = Debug|Win32
		{C42C2472-4FC3-4C38-A2CE-EF7F50FB642B}.Release|x64.ActiveCfg = Release|x64
		{C42C2472-4FC3-4C38-A2CE-EF7F50FB642B}.Release|x64.Build.0 = Release|x64
		{C42C2472-4FC3-4C38-A2CE-EF7F50FB642B}.Release|x86.ActiveCfg = Release|Win32
		{C42C2472-4FC3-4C38-A2CE-EF7F50FB642B}.Release|x86.Build.0 = Release|Win32
		{8A00CCFD-A1E4-4AA5-9CC7-08C8B781822E}.Debug|x64.ActiveCfg = Debug|x64
		{8A00CCFD-A1E4-4AA5-9CC7-08C8B781822E}.Debug|x64.Build.0 = Debug|x64
		{8A00CCFD-A1E4-4AA5-9CC7-08C8B781822E}.Debug|x86.ActiveCfg = Debug|Win32
		{8A00CCFD-A1E4-4AA5-9CC7-08C8B781822E}.Debug|x86.Build.0 = Debug|Win32
		{8A00CCFD-A1E4-4AA5-9CC7-08C8B781822E}.Release|x64.ActiveCfg = Release|x64
		{8A00CCFD-A1E4-4AA5-9CC7-08C8B781822E}.Release|x64.Build.0 = Release|x64
		{8A00CCFD-A1E4-4AA5-9CC7-08C8B781822E}.Release|x86.ActiveCfg = Release|Win32
		{8A00CCFD-A1E4-4AA5-9CC7-08C8B781822E}.Release|x86.Build.0 = Release|Win32
		{64C4693C-9C81-4689-A435-1600D1E9E57D}.Debug|x64.ActiveCfg = Debug|x64
		{64C4693C-9C81-4689-A435-1600D1E9E57D}.Debug|x64.Build.0 = Debug|x64
		{64C4693C-9C81-4689-A435-1600D1E9E57D}.Debug|x86.ActiveCfg = Debug|Win32
		{64C4693C-9C81-4689-A435-1600D1E9E57D}.Debug|x86.Build.0 = Debug|Win32
		{64C4693C-9C81-4689-A435-1600D1E9E57D}.Release|x64.ActiveCfg = Release|x64
		{64C4693C-9C81-4689-A435-1600D1E9E57D}.Release|x64.Build.0 = Release|x64
		{64C4693C-9C81-4689-A435-1600D1E9E57D}.Release|x86.ActiveCfg = Release|Win32
		{64C4693C-9C81-4689-A435-1600D1E9E57D}.Release|x86.Build.0 = Release|Win32
	EndGlobalSection
	GlobalSection(SolutionProperties) = preSolution
		HideSolutionNode = FALSE
	EndGlobalSection
	GlobalSection(ExtensibilityGlobals) = postSolution
		SolutionGuid = {59241053-8D87-471A-90EA-6A9A373BF538}
	EndGlobalSection
EndGlobal
